{
  "version": "5",
  "specifiers": {
    "jsr:@std/semver@*": "1.0.8",
    "jsr:@std/semver@^1.0.8": "1.0.8"
  },
  "jsr": {
    "@std/semver@1.0.8": {
      "integrity": "dc830e8b8b6a380c895d53fbfd1258dc253704ca57bbe1629ac65fd7830179b7"
    }
  },
  "workspace": {
    "dependencies": [
      "jsr:@std/semver@^1.0.8"
    ]
  }
}
